{
  "nodes": {
    "nixpkgs": {
      "locked": {
        "lastModified": 1707597397,
        "narHash": "sha256-LwJ5aO9EtgkSlYdR35c2oQfUu/+0HycOBJCiLE6Ckss=",
        "owner": "NixOS",
        "repo": "nixpkgs",
        "rev": "c00ace12ae50ead6c5ae4e21146336277827910b",
        "type": "github"
      },
      "original": {
        "owner": "NixOS",
        "repo": "nixpkgs",
        "type": "github"
      }
    },
    "root": {
      "inputs": {
        "nixpkgs": "nixpkgs"
      }
    }
  },
  "root": "root",
  "version": 7
}
