{
  "nodes": {
    "nixpkgs": {
      "locked": {
        "lastModified": 1707574216,
        "narHash": "sha256-jPz3FmuVF5XVqDkOucyJ78KB6cwsQyR0kKzT+po+x4c=",
        "owner": "NixOS",
        "repo": "nixpkgs",
        "rev": "2253eb356824637e3aa49bb399f546336efeaad1",
        "type": "github"
      },
      "original": {
        "owner": "NixOS",
        "repo": "nixpkgs",
        "type": "github"
      }
    },
    "root": {
      "inputs": {
        "nixpkgs": "nixpkgs"
      }
    }
  },
  "root": "root",
  "version": 7
}
